// !$*UTF8*$!
{
	archiveVersion = 1;
	classes = {
	};
	objectVersion = 56;
	objects = {

/* Begin PBXBuildFile section */
		5EE803272BF5A735005F9ADA /* Launch Screen.storyboard in Resources */ = {isa = PBXBuildFile; fileRef = 5EE803262BF5A735005F9ADA /* Launch Screen.storyboard */; };
		5EEA20A42BF58D4700A4FCAD /* Bruh_ButtonApp.swift in Sources */ = {isa = PBXBuildFile; fileRef = 5EEA20A32BF58D4700A4FCAD /* Bruh_ButtonApp.swift */; };
		5EEA20A62BF58D4700A4FCAD /* ContentView.swift in Sources */ = {isa = PBXBuildFile; fileRef = 5EEA20A52BF58D4700A4FCAD /* ContentView.swift */; };
		5EEA20A82BF58D4900A4FCAD /* Assets.xcassets in Resources */ = {isa = PBXBuildFile; fileRef = 5EEA20A72BF58D4900A4FCAD /* Assets.xcassets */; };
		5EEA20AB2BF58D4900A4FCAD /* Preview Assets.xcassets in Resources */ = {isa = PBXBuildFile; fileRef = 5EEA20AA2BF58D4900A4FCAD /* Preview Assets.xcassets */; };
		5EF204882BF5937C003BB34A /* ButtonItSelfScreen.swift in Sources */ = {isa = PBXBuildFile; fileRef = 5EF204872BF5937C003BB34A /* ButtonItSelfScreen.swift */; };
		5EF2048C2BF59614003BB34A /* WelcomePage.swift in Sources */ = {isa = PBXBuildFile; fileRef = 5EF2048B2BF59614003BB34A /* WelcomePage.swift */; };
		5EF2048E2BF59EC0003BB34A /* bruh.mp3 in Resources */ = {isa = PBXBuildFile; fileRef = 5EF2048D2BF59EC0003BB34A /* bruh.mp3 */; };
/* End PBXBuildFile section */

/* Begin PBXFileReference section */
		5EE803262BF5A735005F9ADA /* Launch Screen.storyboard */ = {isa = PBXFileReference; lastKnownFileType = file.storyboard; path = "Launch Screen.storyboard"; sourceTree = "<group>"; };
		5EE803282BF5A764005F9ADA /* Bruh-Button-Info.plist */ = {isa = PBXFileReference; lastKnownFileType = text.plist; path = "Bruh-Button-Info.plist"; sourceTree = SOURCE_ROOT; };
		5EEA20A02BF58D4700A4FCAD /* Bruh Button.app */ = {isa = PBXFileReference; explicitFileType = wrapper.application; includeInIndex = 0; path = "Bruh Button.app"; sourceTree = BUILT_PRODUCTS_DIR; };
		5EEA20A32BF58D4700A4FCAD /* Bruh_ButtonApp.swift */ = {isa = PBXFileReference; lastKnownFileType = sourcecode.swift; path = Bruh_ButtonApp.swift; sourceTree = "<group>"; };
		5EEA20A52BF58D4700A4FCAD /* ContentView.swift */ = {isa = PBXFileReference; lastKnownFileType = sourcecode.swift; path = ContentView.swift; sourceTree = "<group>"; };
		5EEA20A72BF58D4900A4FCAD /* Assets.xcassets */ = {isa = PBXFileReference; lastKnownFileType = folder.assetcatalog; path = Assets.xcassets; sourceTree = "<group>"; };
		5EEA20AA2BF58D4900A4FCAD /* Preview Assets.xcassets */ = {isa = PBXFileReference; lastKnownFileType = folder.assetcatalog; path = "Preview Assets.xcassets"; sourceTree = "<group>"; };
		5EF204872BF5937C003BB34A /* ButtonItSelfScreen.swift */ = {isa = PBXFileReference; lastKnownFileType = sourcecode.swift; path = ButtonItSelfScreen.swift; sourceTree = "<group>"; };
		5EF2048B2BF59614003BB34A /* WelcomePage.swift */ = {isa = PBXFileReference; lastKnownFileType = sourcecode.swift; path = WelcomePage.swift; sourceTree = "<group>"; };
		5EF2048D2BF59EC0003BB34A /* bruh.mp3 */ = {isa = PBXFileReference; lastKnownFileType = audio.mp3; name = bruh.mp3; path = ../../../Downloads/bruh.mp3; sourceTree = "<group>"; };
/* End PBXFileReference section */

/* Begin PBXFrameworksBuildPhase section */
		5EEA209D2BF58D4700A4FCAD /* Frameworks */ = {
			isa = PBXFrameworksBuildPhase;
			buildActionMask = 2147483647;
			files = (
			);
			runOnlyForDeploymentPostprocessing = 0;
		};
/* End PBXFrameworksBuildPhase section */

/* Begin PBXGroup section */
		5EEA20972BF58D4700A4FCAD = {
			isa = PBXGroup;
			children = (
				5EEA20A22BF58D4700A4FCAD /* Bruh Button */,
				5EEA20A12BF58D4700A4FCAD /* Products */,
			);
			sourceTree = "<group>";
		};
		5EEA20A12BF58D4700A4FCAD /* Products */ = {
			isa = PBXGroup;
			children = (
				5EEA20A02BF58D4700A4FCAD /* Bruh Button.app */,
			);
			name = Products;
			sourceTree = "<group>";
		};
		5EEA20A22BF58D4700A4FCAD /* Bruh Button */ = {
			isa = PBXGroup;
			children = (
				5EE803282BF5A764005F9ADA /* Bruh-Button-Info.plist */,
				5EF2048D2BF59EC0003BB34A /* bruh.mp3 */,
				5EEA20A32BF58D4700A4FCAD /* Bruh_ButtonApp.swift */,
				5EEA20A52BF58D4700A4FCAD /* ContentView.swift */,
				5EEA20A72BF58D4900A4FCAD /* Assets.xcassets */,
				5EEA20A92BF58D4900A4FCAD /* Preview Content */,
				5EF204872BF5937C003BB34A /* ButtonItSelfScreen.swift */,
				5EF2048B2BF59614003BB34A /* WelcomePage.swift */,
				5EE803262BF5A735005F9ADA /* Launch Screen.storyboard */,
			);
			path = "Bruh Button";
			sourceTree = "<group>";
		};
		5EEA20A92BF58D4900A4FCAD /* Preview Content */ = {
			isa = PBXGroup;
			children = (
				5EEA20AA2BF58D4900A4FCAD /* Preview Assets.xcassets */,
			);
			path = "Preview Content";
			sourceTree = "<group>";
		};
/* End PBXGroup section */

/* Begin PBXNativeTarget section */
		5EEA209F2BF58D4700A4FCAD /* Bruh Button */ = {
			isa = PBXNativeTarget;
			buildConfigurationList = 5EEA20AE2BF58D4900A4FCAD /* Build configuration list for PBXNativeTarget "Bruh Button" */;
			buildPhases = (
				5EEA209C2BF58D4700A4FCAD /* Sources */,
				5EEA209D2BF58D4700A4FCAD /* Frameworks */,
				5EEA209E2BF58D4700A4FCAD /* Resources */,
			);
			buildRules = (
			);
			dependencies = (
			);
			name = "Bruh Button";
			productName = "Bruh Button";
			productReference = 5EEA20A02BF58D4700A4FCAD /* Bruh Button.app */;
			productType = "com.apple.product-type.application";
		};
/* End PBXNativeTarget section */

/* Begin PBXProject section */
		5EEA20982BF58D4700A4FCAD /* Project object */ = {
			isa = PBXProject;
			attributes = {
				BuildIndependentTargetsInParallel = 1;
				LastSwiftUpdateCheck = 1530;
				LastUpgradeCheck = 1530;
				TargetAttributes = {
					5EEA209F2BF58D4700A4FCAD = {
						CreatedOnToolsVersion = 15.3;
					};
				};
			};
			buildConfigurationList = 5EEA209B2BF58D4700A4FCAD /* Build configuration list for PBXProject "Bruh Button" */;
			compatibilityVersion = "Xcode 14.0";
			developmentRegion = en;
			hasScannedForEncodings = 0;
			knownRegions = (
				en,
				Base,
			);
			mainGroup = 5EEA20972BF58D4700A4FCAD;
			productRefGroup = 5EEA20A12BF58D4700A4FCAD /* Products */;
			projectDirPath = "";
			projectRoot = "";
			targets = (
				5EEA209F2BF58D4700A4FCAD /* Bruh Button */,
			);
		};
/* End PBXProject section */

/* Begin PBXResourcesBuildPhase section */
		5EEA209E2BF58D4700A4FCAD /* Resources */ = {
			isa = PBXResourcesBuildPhase;
			buildActionMask = 2147483647;
			files = (
				5EEA20AB2BF58D4900A4FCAD /* Preview Assets.xcassets in Resources */,
				5EEA20A82BF58D4900A4FCAD /* Assets.xcassets in Resources */,
				5EE803272BF5A735005F9ADA /* Launch Screen.storyboard in Resources */,
				5EF2048E2BF59EC0003BB34A /* bruh.mp3 in Resources */,
			);
			runOnlyForDeploymentPostprocessing = 0;
		};
/* End PBXResourcesBuildPhase section */

/* Begin PBXSourcesBuildPhase section */
		5EEA209C2BF58D4700A4FCAD /* Sources */ = {
			isa = PBXSourcesBuildPhase;
			buildActionMask = 2147483647;
			files = (
				5EEA20A62BF58D4700A4FCAD /* ContentView.swift in Sources */,
				5EF2048C2BF59614003BB34A /* WelcomePage.swift in Sources */,
				5EF204882BF5937C003BB34A /* ButtonItSelfScreen.swift in Sources */,
				5EEA20A42BF58D4700A4FCAD /* Bruh_ButtonApp.swift in Sources */,
			);
			runOnlyForDeploymentPostprocessing = 0;
		};
/* End PBXSourcesBuildPhase section */

/* Begin XCBuildConfiguration section */
		5EEA20AC2BF58D4900A4FCAD /* Debug */ = {
			isa = XCBuildConfiguration;
			buildSettings = {
				ALWAYS_SEARCH_USER_PATHS = NO;
				ASSETCATALOG_COMPILER_GENERATE_SWIFT_ASSET_SYMBOL_EXTENSIONS = YES;
				CLANG_ANALYZER_NONNULL = YES;
				CLANG_ANALYZER_NUMBER_OBJECT_CONVERSION = YES_AGGRESSIVE;
				CLANG_CXX_LANGUAGE_STANDARD = "gnu++20";
				CLANG_ENABLE_MODULES = YES;
				CLANG_ENABLE_OBJC_ARC = YES;
				CLANG_ENABLE_OBJC_WEAK = YES;
				CLANG_WARN_BLOCK_CAPTURE_AUTORELEASING = YES;
				CLANG_WARN_BOOL_CONVERSION = YES;
				CLANG_WARN_COMMA = YES;
				CLANG_WARN_CONSTANT_CONVERSION = YES;
				CLANG_WARN_DEPRECATED_OBJC_IMPLEMENTATIONS = YES;
				CLANG_WARN_DIRECT_OBJC_ISA_USAGE = YES_ERROR;
				CLANG_WARN_DOCUMENTATION_COMMENTS = YES;
				CLANG_WARN_EMPTY_BODY = YES;
				CLANG_WARN_ENUM_CONVERSION = YES;
				CLANG_WARN_INFINITE_RECURSION = YES;
				CLANG_WARN_INT_CONVERSION = YES;
				CLANG_WARN_NON_LITERAL_NULL_CONVERSION = YES;
				CLANG_WARN_OBJC_IMPLICIT_RETAIN_SELF = YES;
				CLANG_WARN_OBJC_LITERAL_CONVERSION = YES;
				CLANG_WARN_OBJC_ROOT_CLASS = YES_ERROR;
				CLANG_WARN_QUOTED_INCLUDE_IN_FRAMEWORK_HEADER = YES;
				CLANG_WARN_RANGE_LOOP_ANALYSIS = YES;
				CLANG_WARN_STRICT_PROTOTYPES = YES;
				CLANG_WARN_SUSPICIOUS_MOVE = YES;
				CLANG_WARN_UNGUARDED_AVAILABILITY = YES_AGGRESSIVE;
				CLANG_WARN_UNREACHABLE_CODE = YES;
				CLANG_WARN__DUPLICATE_METHOD_MATCH = YES;
				COPY_PHASE_STRIP = NO;
				DEBUG_INFORMATION_FORMAT = dwarf;
				ENABLE_STRICT_OBJC_MSGSEND = YES;
				ENABLE_TESTABILITY = YES;
				ENABLE_USER_SCRIPT_SANDBOXING = YES;
				GCC_C_LANGUAGE_STANDARD = gnu17;
				GCC_DYNAMIC_NO_PIC = NO;
				GCC_NO_COMMON_BLOCKS = YES;
				GCC_OPTIMIZATION_LEVEL = 0;
				GCC_PREPROCESSOR_DEFINITIONS = (
					"DEBUG=1",
					"$(inherited)",
				);
				GCC_WARN_64_TO_32_BIT_CONVERSION = YES;
				GCC_WARN_ABOUT_RETURN_TYPE = YES_ERROR;
				GCC_WARN_UNDECLARED_SELECTOR = YES;
				GCC_WARN_UNINITIALIZED_AUTOS = YES_AGGRESSIVE;
				GCC_WARN_UNUSED_FUNCTION = YES;
				GCC_WARN_UNUSED_VARIABLE = YES;
				IPHONEOS_DEPLOYMENT_TARGET = 17.4;
				LOCALIZATION_PREFERS_STRING_CATALOGS = YES;
				MTL_ENABLE_DEBUG_INFO = INCLUDE_SOURCE;
				MTL_FAST_MATH = YES;
				ONLY_ACTIVE_ARCH = YES;
				SDKROOT = iphoneos;
				SWIFT_ACTIVE_COMPILATION_CONDITIONS = "DEBUG $(inherited)";
				SWIFT_OPTIMIZATION_LEVEL = "-Onone";
			};
			name = Debug;
		};
		5EEA20AD2BF58D4900A4FCAD /* Release */ = {
			isa = XCBuildConfiguration;
			buildSettings = {
				ALWAYS_SEARCH_USER_PATHS = NO;
				ASSETCATALOG_COMPILER_GENERATE_SWIFT_ASSET_SYMBOL_EXTENSIONS = YES;
				CLANG_ANALYZER_NONNULL = YES;
				CLANG_ANALYZER_NUMBER_OBJECT_CONVERSION = YES_AGGRESSIVE;
				CLANG_CXX_LANGUAGE_STANDARD = "gnu++20";
				CLANG_ENABLE_MODULES = YES;
				CLANG_ENABLE_OBJC_ARC = YES;
				CLANG_ENABLE_OBJC_WEAK = YES;
				CLANG_WARN_BLOCK_CAPTURE_AUTORELEASING = YES;
				CLANG_WARN_BOOL_CONVERSION = YES;
				CLANG_WARN_COMMA = YES;
				CLANG_WARN_CONSTANT_CONVERSION = YES;
				CLANG_WARN_DEPRECATED_OBJC_IMPLEMENTATIONS = YES;
				CLANG_WARN_DIRECT_OBJC_ISA_USAGE = YES_ERROR;
				CLANG_WARN_DOCUMENTATION_COMMENTS = YES;
				CLANG_WARN_EMPTY_BODY = YES;
				CLANG_WARN_ENUM_CONVERSION = YES;
				CLANG_WARN_INFINITE_RECURSION = YES;
				CLANG_WARN_INT_CONVERSION = YES;
				CLANG_WARN_NON_LITERAL_NULL_CONVERSION = YES;
				CLANG_WARN_OBJC_IMPLICIT_RETAIN_SELF = YES;
				CLANG_WARN_OBJC_LITERAL_CONVERSION = YES;
				CLANG_WARN_OBJC_ROOT_CLASS = YES_ERROR;
				CLANG_WARN_QUOTED_INCLUDE_IN_FRAMEWORK_HEADER = YES;
				CLANG_WARN_RANGE_LOOP_ANALYSIS = YES;
				CLANG_WARN_STRICT_PROTOTYPES = YES;
				CLANG_WARN_SUSPICIOUS_MOVE = YES;
				CLANG_WARN_UNGUARDED_AVAILABILITY = YES_AGGRESSIVE;
				CLANG_WARN_UNREACHABLE_CODE = YES;
				CLANG_WARN__DUPLICATE_METHOD_MATCH = YES;
				COPY_PHASE_STRIP = NO;
				DEBUG_INFORMATION_FORMAT = "dwarf-with-dsym";
				ENABLE_NS_ASSERTIONS = NO;
				ENABLE_STRICT_OBJC_MSGSEND = YES;
				ENABLE_USER_SCRIPT_SANDBOXING = YES;
				GCC_C_LANGUAGE_STANDARD = gnu17;
				GCC_NO_COMMON_BLOCKS = YES;
				GCC_WARN_64_TO_32_BIT_CONVERSION = YES;
				GCC_WARN_ABOUT_RETURN_TYPE = YES_ERROR;
				GCC_WARN_UNDECLARED_SELECTOR = YES;
				GCC_WARN_UNINITIALIZED_AUTOS = YES_AGGRESSIVE;
				GCC_WARN_UNUSED_FUNCTION = YES;
				GCC_WARN_UNUSED_VARIABLE = YES;
				IPHONEOS_DEPLOYMENT_TARGET = 17.4;
				LOCALIZATION_PREFERS_STRING_CATALOGS = YES;
				MTL_ENABLE_DEBUG_INFO = NO;
				MTL_FAST_MATH = YES;
				SDKROOT = iphoneos;
				SWIFT_COMPILATION_MODE = wholemodule;
				VALIDATE_PRODUCT = YES;
			};
			name = Release;
		};
		5EEA20AF2BF58D4900A4FCAD /* Debug */ = {
			isa = XCBuildConfiguration;
			buildSettings = {
				ASSETCATALOG_COMPILER_APPICON_NAME = AppIcon;
				ASSETCATALOG_COMPILER_GLOBAL_ACCENT_COLOR_NAME = AccentColor;
				CODE_SIGN_STYLE = Automatic;
				CURRENT_PROJECT_VERSION = 1;
				DEVELOPMENT_ASSET_PATHS = "\"Bruh Button/Preview Content\"";
				DEVELOPMENT_TEAM = 7T2FAUSNXH;
				ENABLE_PREVIEWS = YES;
				GENERATE_INFOPLIST_FILE = YES;
				INFOPLIST_FILE = "Bruh-Button-Info.plist";
				INFOPLIST_KEY_LSApplicationCategoryType = "public.app-category.entertainment";
				INFOPLIST_KEY_UIApplicationSceneManifest_Generation = YES;
				INFOPLIST_KEY_UIApplicationSupportsIndirectInputEvents = YES;
				INFOPLIST_KEY_UILaunchScreen_Generation = YES;
				INFOPLIST_KEY_UILaunchStoryboardName = "Launch Screen.storyboard";
				INFOPLIST_KEY_UIStatusBarHidden = YES;
				INFOPLIST_KEY_UISupportedInterfaceOrientations_iPad = "UIInterfaceOrientationPortrait UIInterfaceOrientationPortraitUpsideDown UIInterfaceOrientationLandscapeLeft UIInterfaceOrientationLandscapeRight";
				INFOPLIST_KEY_UISupportedInterfaceOrientations_iPhone = "UIInterfaceOrientationPortrait UIInterfaceOrientationLandscapeLeft UIInterfaceOrientationLandscapeRight";
				IPHONEOS_DEPLOYMENT_TARGET = 15.0;
				LD_RUNPATH_SEARCH_PATHS = (
					"$(inherited)",
					"@executable_path/Frameworks",
				);
				MARKETING_VERSION = 1.0;
				PRODUCT_BUNDLE_IDENTIFIER = pp.ua.xxanqw.bruh;
				PRODUCT_NAME = "$(TARGET_NAME)";
				SWIFT_EMIT_LOC_STRINGS = YES;
				SWIFT_VERSION = 5.0;
				TARGETED_DEVICE_FAMILY = "1,2";
			};
			name = Debug;
		};
		5EEA20B02BF58D4900A4FCAD /* Release */ = {
			isa = XCBuildConfiguration;
			buildSettings = {
				ASSETCATALOG_COMPILER_APPICON_NAME = AppIcon;
				ASSETCATALOG_COMPILER_GLOBAL_ACCENT_COLOR_NAME = AccentColor;
				CODE_SIGN_STYLE = Automatic;
				CURRENT_PROJECT_VERSION = 1;
				DEVELOPMENT_ASSET_PATHS = "\"Bruh Button/Preview Content\"";
				DEVELOPMENT_TEAM = 7T2FAUSNXH;
				ENABLE_PREVIEWS = YES;
				GENERATE_INFOPLIST_FILE = YES;
				INFOPLIST_FILE = "Bruh-Button-Info.plist";
				INFOPLIST_KEY_LSApplicationCategoryType = "public.app-category.entertainment";
				INFOPLIST_KEY_UIApplicationSceneManifest_Generation = YES;
				INFOPLIST_KEY_UIApplicationSupportsIndirectInputEvents = YES;
				INFOPLIST_KEY_UILaunchScreen_Generation = YES;
				INFOPLIST_KEY_UILaunchStoryboardName = "Launch Screen.storyboard";
				INFOPLIST_KEY_UIStatusBarHidden = YES;
				INFOPLIST_KEY_UISupportedInterfaceOrientations_iPad = "UIInterfaceOrientationPortrait UIInterfaceOrientationPortraitUpsideDown UIInterfaceOrientationLandscapeLeft UIInterfaceOrientationLandscapeRight";
				INFOPLIST_KEY_UISupportedInterfaceOrientations_iPhone = "UIInterfaceOrientationPortrait UIInterfaceOrientationLandscapeLeft UIInterfaceOrientationLandscapeRight";
				IPHONEOS_DEPLOYMENT_TARGET = 15.0;
				LD_RUNPATH_SEARCH_PATHS = (
					"$(inherited)",
					"@executable_path/Frameworks",
				);
				MARKETING_VERSION = 1.0;
				PRODUCT_BUNDLE_IDENTIFIER = pp.ua.xxanqw.bruh;
				PRODUCT_NAME = "$(TARGET_NAME)";
				SWIFT_EMIT_LOC_STRINGS = YES;
				SWIFT_VERSION = 5.0;
				TARGETED_DEVICE_FAMILY = "1,2";
			};
			name = Release;
		};
/* End XCBuildConfiguration section */

/* Begin XCConfigurationList section */
		5EEA209B2BF58D4700A4FCAD /* Build configuration list for PBXProject "Bruh Button" */ = {
			isa = XCConfigurationList;
			buildConfigurations = (
				5EEA20AC2BF58D4900A4FCAD /* Debug */,
				5EEA20AD2BF58D4900A4FCAD /* Release */,
			);
			defaultConfigurationIsVisible = 0;
			defaultConfigurationName = Release;
		};
		5EEA20AE2BF58D4900A4FCAD /* Build configuration list for PBXNativeTarget "Bruh Button" */ = {
			isa = XCConfigurationList;
			buildConfigurations = (
				5EEA20AF2BF58D4900A4FCAD /* Debug */,
				5EEA20B02BF58D4900A4FCAD /* Release */,
			);
			defaultConfigurationIsVisible = 0;
			defaultConfigurationName = Release;
		};
/* End XCConfigurationList section */
	};
	rootObject = 5EEA20982BF58D4700A4FCAD /* Project object */;
}
